// !$*UTF8*$!
{
	archiveVersion = 1;
	classes = {
	};
	objectVersion = 56;
	objects = {

/* Begin PBXBuildFile section */
		D530F7B22BFBDEC7000571F7 /* Divider.swift in Sources */ = {isa = PBXBuildFile; fileRef = D530F7B12BFBDEC7000571F7 /* Divider.swift */; };
		D530F7B42BFBDF38000571F7 /* CrewView.swift in Sources */ = {isa = PBXBuildFile; fileRef = D530F7B32BFBDF38000571F7 /* CrewView.swift */; };
		D530F7B62BFBDF71000571F7 /* CrewMember.swift in Sources */ = {isa = PBXBuildFile; fileRef = D530F7B52BFBDF71000571F7 /* CrewMember.swift */; };
		D5333F322BF7FCE800C8DBA5 /* MissionView.swift in Sources */ = {isa = PBXBuildFile; fileRef = D5333F312BF7FCE800C8DBA5 /* MissionView.swift */; };
		D5333F342BF7FF5900C8DBA5 /* AstronautView.swift in Sources */ = {isa = PBXBuildFile; fileRef = D5333F332BF7FF5900C8DBA5 /* AstronautView.swift */; };
		D566DF152BF5511A00496A58 /* MoonshotApp.swift in Sources */ = {isa = PBXBuildFile; fileRef = D566DF142BF5511A00496A58 /* MoonshotApp.swift */; };
		D566DF172BF5511A00496A58 /* ContentView.swift in Sources */ = {isa = PBXBuildFile; fileRef = D566DF162BF5511A00496A58 /* ContentView.swift */; };
		D566DF192BF5511B00496A58 /* Assets.xcassets in Resources */ = {isa = PBXBuildFile; fileRef = D566DF182BF5511B00496A58 /* Assets.xcassets */; };
		D566DF1C2BF5511B00496A58 /* Preview Assets.xcassets in Resources */ = {isa = PBXBuildFile; fileRef = D566DF1B2BF5511B00496A58 /* Preview Assets.xcassets */; };
		D5BABD012BF6994500B0FFE9 /* astronauts.json in Resources */ = {isa = PBXBuildFile; fileRef = D5BABD002BF6994500B0FFE9 /* astronauts.json */; };
		D5BABD032BF6995300B0FFE9 /* missions.json in Resources */ = {isa = PBXBuildFile; fileRef = D5BABD022BF6995300B0FFE9 /* missions.json */; };
		D5BABD072BF6997F00B0FFE9 /* Astronaut.swift in Sources */ = {isa = PBXBuildFile; fileRef = D5BABD062BF6997F00B0FFE9 /* Astronaut.swift */; };
		D5BABD092BF699C200B0FFE9 /* Bundle-Decodable.swift in Sources */ = {isa = PBXBuildFile; fileRef = D5BABD082BF699C200B0FFE9 /* Bundle-Decodable.swift */; };
		D5BABD0B2BF6A01400B0FFE9 /* Mission.swift in Sources */ = {isa = PBXBuildFile; fileRef = D5BABD0A2BF6A01400B0FFE9 /* Mission.swift */; };
		D5BABD0D2BF6A32E00B0FFE9 /* Color-Theme.swift in Sources */ = {isa = PBXBuildFile; fileRef = D5BABD0C2BF6A32E00B0FFE9 /* Color-Theme.swift */; };
/* End PBXBuildFile section */

/* Begin PBXFileReference section */
		D530F7B12BFBDEC7000571F7 /* Divider.swift */ = {isa = PBXFileReference; lastKnownFileType = sourcecode.swift; path = Divider.swift; sourceTree = "<group>"; };
		D530F7B32BFBDF38000571F7 /* CrewView.swift */ = {isa = PBXFileReference; lastKnownFileType = sourcecode.swift; path = CrewView.swift; sourceTree = "<group>"; };
		D530F7B52BFBDF71000571F7 /* CrewMember.swift */ = {isa = PBXFileReference; lastKnownFileType = sourcecode.swift; path = CrewMember.swift; sourceTree = "<group>"; };
		D5333F312BF7FCE800C8DBA5 /* MissionView.swift */ = {isa = PBXFileReference; lastKnownFileType = sourcecode.swift; path = MissionView.swift; sourceTree = "<group>"; };
		D5333F332BF7FF5900C8DBA5 /* AstronautView.swift */ = {isa = PBXFileReference; lastKnownFileType = sourcecode.swift; path = AstronautView.swift; sourceTree = "<group>"; };
		D566DF112BF5511A00496A58 /* Moonshot.app */ = {isa = PBXFileReference; explicitFileType = wrapper.application; includeInIndex = 0; path = Moonshot.app; sourceTree = BUILT_PRODUCTS_DIR; };
		D566DF142BF5511A00496A58 /* MoonshotApp.swift */ = {isa = PBXFileReference; lastKnownFileType = sourcecode.swift; path = MoonshotApp.swift; sourceTree = "<group>"; };
		D566DF162BF5511A00496A58 /* ContentView.swift */ = {isa = PBXFileReference; lastKnownFileType = sourcecode.swift; path = ContentView.swift; sourceTree = "<group>"; };
		D566DF182BF5511B00496A58 /* Assets.xcassets */ = {isa = PBXFileReference; lastKnownFileType = folder.assetcatalog; path = Assets.xcassets; sourceTree = "<group>"; };
		D566DF1B2BF5511B00496A58 /* Preview Assets.xcassets */ = {isa = PBXFileReference; lastKnownFileType = folder.assetcatalog; path = "Preview Assets.xcassets"; sourceTree = "<group>"; };
		D5BABD002BF6994500B0FFE9 /* astronauts.json */ = {isa = PBXFileReference; fileEncoding = 4; lastKnownFileType = text.json; path = astronauts.json; sourceTree = "<group>"; };
		D5BABD022BF6995300B0FFE9 /* missions.json */ = {isa = PBXFileReference; fileEncoding = 4; lastKnownFileType = text.json; path = missions.json; sourceTree = "<group>"; };
		D5BABD062BF6997F00B0FFE9 /* Astronaut.swift */ = {isa = PBXFileReference; lastKnownFileType = sourcecode.swift; path = Astronaut.swift; sourceTree = "<group>"; };
		D5BABD082BF699C200B0FFE9 /* Bundle-Decodable.swift */ = {isa = PBXFileReference; lastKnownFileType = sourcecode.swift; path = "Bundle-Decodable.swift"; sourceTree = "<group>"; };
		D5BABD0A2BF6A01400B0FFE9 /* Mission.swift */ = {isa = PBXFileReference; lastKnownFileType = sourcecode.swift; path = Mission.swift; sourceTree = "<group>"; };
		D5BABD0C2BF6A32E00B0FFE9 /* Color-Theme.swift */ = {isa = PBXFileReference; lastKnownFileType = sourcecode.swift; path = "Color-Theme.swift"; sourceTree = "<group>"; };
/* End PBXFileReference section */

/* Begin PBXFrameworksBuildPhase section */
		D566DF0E2BF5511A00496A58 /* Frameworks */ = {
			isa = PBXFrameworksBuildPhase;
			buildActionMask = 2147483647;
			files = (
			);
			runOnlyForDeploymentPostprocessing = 0;
		};
/* End PBXFrameworksBuildPhase section */

/* Begin PBXGroup section */
		D5333F302BF7FCD700C8DBA5 /* Views */ = {
			isa = PBXGroup;
			children = (
				D5333F312BF7FCE800C8DBA5 /* MissionView.swift */,
				D5333F332BF7FF5900C8DBA5 /* AstronautView.swift */,
				D530F7B12BFBDEC7000571F7 /* Divider.swift */,
				D530F7B32BFBDF38000571F7 /* CrewView.swift */,
			);
			path = Views;
			sourceTree = "<group>";
		};
		D566DF082BF5511A00496A58 = {
			isa = PBXGroup;
			children = (
				D566DF132BF5511A00496A58 /* Moonshot */,
				D566DF122BF5511A00496A58 /* Products */,
			);
			sourceTree = "<group>";
		};
		D566DF122BF5511A00496A58 /* Products */ = {
			isa = PBXGroup;
			children = (
				D566DF112BF5511A00496A58 /* Moonshot.app */,
			);
			name = Products;
			sourceTree = "<group>";
		};
		D566DF132BF5511A00496A58 /* Moonshot */ = {
			isa = PBXGroup;
			children = (
				D5333F302BF7FCD700C8DBA5 /* Views */,
				D5BABD052BF6996500B0FFE9 /* Models */,
				D5BABD042BF6995B00B0FFE9 /* Extensions */,
				D5BABD022BF6995300B0FFE9 /* missions.json */,
				D5BABD002BF6994500B0FFE9 /* astronauts.json */,
				D566DF142BF5511A00496A58 /* MoonshotApp.swift */,
				D566DF162BF5511A00496A58 /* ContentView.swift */,
				D566DF182BF5511B00496A58 /* Assets.xcassets */,
				D566DF1A2BF5511B00496A58 /* Preview Content */,
			);
			path = Moonshot;
			sourceTree = "<group>";
		};
		D566DF1A2BF5511B00496A58 /* Preview Content */ = {
			isa = PBXGroup;
			children = (
				D566DF1B2BF5511B00496A58 /* Preview Assets.xcassets */,
			);
			path = "Preview Content";
			sourceTree = "<group>";
		};
		D5BABD042BF6995B00B0FFE9 /* Extensions */ = {
			isa = PBXGroup;
			children = (
				D5BABD082BF699C200B0FFE9 /* Bundle-Decodable.swift */,
				D5BABD0C2BF6A32E00B0FFE9 /* Color-Theme.swift */,
			);
			path = Extensions;
			sourceTree = "<group>";
		};
		D5BABD052BF6996500B0FFE9 /* Models */ = {
			isa = PBXGroup;
			children = (
				D5BABD062BF6997F00B0FFE9 /* Astronaut.swift */,
				D5BABD0A2BF6A01400B0FFE9 /* Mission.swift */,
				D530F7B52BFBDF71000571F7 /* CrewMember.swift */,
			);
			path = Models;
			sourceTree = "<group>";
		};
/* End PBXGroup section */

/* Begin PBXNativeTarget section */
		D566DF102BF5511A00496A58 /* Moonshot */ = {
			isa = PBXNativeTarget;
			buildConfigurationList = D566DF1F2BF5511B00496A58 /* Build configuration list for PBXNativeTarget "Moonshot" */;
			buildPhases = (
				D566DF0D2BF5511A00496A58 /* Sources */,
				D566DF0E2BF5511A00496A58 /* Frameworks */,
				D566DF0F2BF5511A00496A58 /* Resources */,
			);
			buildRules = (
			);
			dependencies = (
			);
			name = Moonshot;
			productName = Moonshot;
			productReference = D566DF112BF5511A00496A58 /* Moonshot.app */;
			productType = "com.apple.product-type.application";
		};
/* End PBXNativeTarget section */

/* Begin PBXProject section */
		D566DF092BF5511A00496A58 /* Project object */ = {
			isa = PBXProject;
			attributes = {
				BuildIndependentTargetsInParallel = 1;
				LastSwiftUpdateCheck = 1520;
				LastUpgradeCheck = 1520;
				TargetAttributes = {
					D566DF102BF5511A00496A58 = {
						CreatedOnToolsVersion = 15.2;
					};
				};
			};
			buildConfigurationList = D566DF0C2BF5511A00496A58 /* Build configuration list for PBXProject "Moonshot" */;
			compatibilityVersion = "Xcode 14.0";
			developmentRegion = en;
			hasScannedForEncodings = 0;
			knownRegions = (
				en,
				Base,
			);
			mainGroup = D566DF082BF5511A00496A58;
			productRefGroup = D566DF122BF5511A00496A58 /* Products */;
			projectDirPath = "";
			projectRoot = "";
			targets = (
				D566DF102BF5511A00496A58 /* Moonshot */,
			);
		};
/* End PBXProject section */

/* Begin PBXResourcesBuildPhase section */
		D566DF0F2BF5511A00496A58 /* Resources */ = {
			isa = PBXResourcesBuildPhase;
			buildActionMask = 2147483647;
			files = (
				D5BABD012BF6994500B0FFE9 /* astronauts.json in Resources */,
				D566DF1C2BF5511B00496A58 /* Preview Assets.xcassets in Resources */,
				D5BABD032BF6995300B0FFE9 /* missions.json in Resources */,
				D566DF192BF5511B00496A58 /* Assets.xcassets in Resources */,
			);
			runOnlyForDeploymentPostprocessing = 0;
		};
/* End PBXResourcesBuildPhase section */

/* Begin PBXSourcesBuildPhase section */
		D566DF0D2BF5511A00496A58 /* Sources */ = {
			isa = PBXSourcesBuildPhase;
			buildActionMask = 2147483647;
			files = (
				D5333F322BF7FCE800C8DBA5 /* MissionView.swift in Sources */,
				D5BABD072BF6997F00B0FFE9 /* Astronaut.swift in Sources */,
				D5333F342BF7FF5900C8DBA5 /* AstronautView.swift in Sources */,
				D530F7B22BFBDEC7000571F7 /* Divider.swift in Sources */,
				D5BABD0D2BF6A32E00B0FFE9 /* Color-Theme.swift in Sources */,
				D530F7B42BFBDF38000571F7 /* CrewView.swift in Sources */,
				D566DF172BF5511A00496A58 /* ContentView.swift in Sources */,
				D566DF152BF5511A00496A58 /* MoonshotApp.swift in Sources */,
				D5BABD0B2BF6A01400B0FFE9 /* Mission.swift in Sources */,
				D5BABD092BF699C200B0FFE9 /* Bundle-Decodable.swift in Sources */,
				D530F7B62BFBDF71000571F7 /* CrewMember.swift in Sources */,
			);
			runOnlyForDeploymentPostprocessing = 0;
		};
/* End PBXSourcesBuildPhase section */

/* Begin XCBuildConfiguration section */
		D566DF1D2BF5511B00496A58 /* Debug */ = {
			isa = XCBuildConfiguration;
			buildSettings = {
				ALWAYS_SEARCH_USER_PATHS = NO;
				ASSETCATALOG_COMPILER_GENERATE_SWIFT_ASSET_SYMBOL_EXTENSIONS = YES;
				CLANG_ANALYZER_NONNULL = YES;
				CLANG_ANALYZER_NUMBER_OBJECT_CONVERSION = YES_AGGRESSIVE;
				CLANG_CXX_LANGUAGE_STANDARD = "gnu++20";
				CLANG_ENABLE_MODULES = YES;
				CLANG_ENABLE_OBJC_ARC = YES;
				CLANG_ENABLE_OBJC_WEAK = YES;
				CLANG_WARN_BLOCK_CAPTURE_AUTORELEASING = YES;
				CLANG_WARN_BOOL_CONVERSION = YES;
				CLANG_WARN_COMMA = YES;
				CLANG_WARN_CONSTANT_CONVERSION = YES;
				CLANG_WARN_DEPRECATED_OBJC_IMPLEMENTATIONS = YES;
				CLANG_WARN_DIRECT_OBJC_ISA_USAGE = YES_ERROR;
				CLANG_WARN_DOCUMENTATION_COMMENTS = YES;
				CLANG_WARN_EMPTY_BODY = YES;
				CLANG_WARN_ENUM_CONVERSION = YES;
				CLANG_WARN_INFINITE_RECURSION = YES;
				CLANG_WARN_INT_CONVERSION = YES;
				CLANG_WARN_NON_LITERAL_NULL_CONVERSION = YES;
				CLANG_WARN_OBJC_IMPLICIT_RETAIN_SELF = YES;
				CLANG_WARN_OBJC_LITERAL_CONVERSION = YES;
				CLANG_WARN_OBJC_ROOT_CLASS = YES_ERROR;
				CLANG_WARN_QUOTED_INCLUDE_IN_FRAMEWORK_HEADER = YES;
				CLANG_WARN_RANGE_LOOP_ANALYSIS = YES;
				CLANG_WARN_STRICT_PROTOTYPES = YES;
				CLANG_WARN_SUSPICIOUS_MOVE = YES;
				CLANG_WARN_UNGUARDED_AVAILABILITY = YES_AGGRESSIVE;
				CLANG_WARN_UNREACHABLE_CODE = YES;
				CLANG_WARN__DUPLICATE_METHOD_MATCH = YES;
				COPY_PHASE_STRIP = NO;
				DEBUG_INFORMATION_FORMAT = dwarf;
				ENABLE_STRICT_OBJC_MSGSEND = YES;
				ENABLE_TESTABILITY = YES;
				ENABLE_USER_SCRIPT_SANDBOXING = YES;
				GCC_C_LANGUAGE_STANDARD = gnu17;
				GCC_DYNAMIC_NO_PIC = NO;
				GCC_NO_COMMON_BLOCKS = YES;
				GCC_OPTIMIZATION_LEVEL = 0;
				GCC_PREPROCESSOR_DEFINITIONS = (
					"DEBUG=1",
					"$(inherited)",
				);
				GCC_WARN_64_TO_32_BIT_CONVERSION = YES;
				GCC_WARN_ABOUT_RETURN_TYPE = YES_ERROR;
				GCC_WARN_UNDECLARED_SELECTOR = YES;
				GCC_WARN_UNINITIALIZED_AUTOS = YES_AGGRESSIVE;
				GCC_WARN_UNUSED_FUNCTION = YES;
				GCC_WARN_UNUSED_VARIABLE = YES;
				IPHONEOS_DEPLOYMENT_TARGET = 17.2;
				LOCALIZATION_PREFERS_STRING_CATALOGS = YES;
				MTL_ENABLE_DEBUG_INFO = INCLUDE_SOURCE;
				MTL_FAST_MATH = YES;
				ONLY_ACTIVE_ARCH = YES;
				SDKROOT = iphoneos;
				SWIFT_ACTIVE_COMPILATION_CONDITIONS = "DEBUG $(inherited)";
				SWIFT_OPTIMIZATION_LEVEL = "-Onone";
			};
			name = Debug;
		};
		D566DF1E2BF5511B00496A58 /* Release */ = {
			isa = XCBuildConfiguration;
			buildSettings = {
				ALWAYS_SEARCH_USER_PATHS = NO;
				ASSETCATALOG_COMPILER_GENERATE_SWIFT_ASSET_SYMBOL_EXTENSIONS = YES;
				CLANG_ANALYZER_NONNULL = YES;
				CLANG_ANALYZER_NUMBER_OBJECT_CONVERSION = YES_AGGRESSIVE;
				CLANG_CXX_LANGUAGE_STANDARD = "gnu++20";
				CLANG_ENABLE_MODULES = YES;
				CLANG_ENABLE_OBJC_ARC = YES;
				CLANG_ENABLE_OBJC_WEAK = YES;
				CLANG_WARN_BLOCK_CAPTURE_AUTORELEASING = YES;
				CLANG_WARN_BOOL_CONVERSION = YES;
				CLANG_WARN_COMMA = YES;
				CLANG_WARN_CONSTANT_CONVERSION = YES;
				CLANG_WARN_DEPRECATED_OBJC_IMPLEMENTATIONS = YES;
				CLANG_WARN_DIRECT_OBJC_ISA_USAGE = YES_ERROR;
				CLANG_WARN_DOCUMENTATION_COMMENTS = YES;
				CLANG_WARN_EMPTY_BODY = YES;
				CLANG_WARN_ENUM_CONVERSION = YES;
				CLANG_WARN_INFINITE_RECURSION = YES;
				CLANG_WARN_INT_CONVERSION = YES;
				CLANG_WARN_NON_LITERAL_NULL_CONVERSION = YES;
				CLANG_WARN_OBJC_IMPLICIT_RETAIN_SELF = YES;
				CLANG_WARN_OBJC_LITERAL_CONVERSION = YES;
				CLANG_WARN_OBJC_ROOT_CLASS = YES_ERROR;
				CLANG_WARN_QUOTED_INCLUDE_IN_FRAMEWORK_HEADER = YES;
				CLANG_WARN_RANGE_LOOP_ANALYSIS = YES;
				CLANG_WARN_STRICT_PROTOTYPES = YES;
				CLANG_WARN_SUSPICIOUS_MOVE = YES;
				CLANG_WARN_UNGUARDED_AVAILABILITY = YES_AGGRESSIVE;
				CLANG_WARN_UNREACHABLE_CODE = YES;
				CLANG_WARN__DUPLICATE_METHOD_MATCH = YES;
				COPY_PHASE_STRIP = NO;
				DEBUG_INFORMATION_FORMAT = "dwarf-with-dsym";
				ENABLE_NS_ASSERTIONS = NO;
				ENABLE_STRICT_OBJC_MSGSEND = YES;
				ENABLE_USER_SCRIPT_SANDBOXING = YES;
				GCC_C_LANGUAGE_STANDARD = gnu17;
				GCC_NO_COMMON_BLOCKS = YES;
				GCC_WARN_64_TO_32_BIT_CONVERSION = YES;
				GCC_WARN_ABOUT_RETURN_TYPE = YES_ERROR;
				GCC_WARN_UNDECLARED_SELECTOR = YES;
				GCC_WARN_UNINITIALIZED_AUTOS = YES_AGGRESSIVE;
				GCC_WARN_UNUSED_FUNCTION = YES;
				GCC_WARN_UNUSED_VARIABLE = YES;
				IPHONEOS_DEPLOYMENT_TARGET = 17.2;
				LOCALIZATION_PREFERS_STRING_CATALOGS = YES;
				MTL_ENABLE_DEBUG_INFO = NO;
				MTL_FAST_MATH = YES;
				SDKROOT = iphoneos;
				SWIFT_COMPILATION_MODE = wholemodule;
				VALIDATE_PRODUCT = YES;
			};
			name = Release;
		};
		D566DF202BF5511B00496A58 /* Debug */ = {
			isa = XCBuildConfiguration;
			buildSettings = {
				ASSETCATALOG_COMPILER_APPICON_NAME = AppIcon;
				ASSETCATALOG_COMPILER_GLOBAL_ACCENT_COLOR_NAME = AccentColor;
				CODE_SIGN_STYLE = Automatic;
				CURRENT_PROJECT_VERSION = 1;
				DEVELOPMENT_ASSET_PATHS = "\"Moonshot/Preview Content\"";
				ENABLE_PREVIEWS = YES;
				GENERATE_INFOPLIST_FILE = YES;
				INFOPLIST_KEY_UIApplicationSceneManifest_Generation = YES;
				INFOPLIST_KEY_UIApplicationSupportsIndirectInputEvents = YES;
				INFOPLIST_KEY_UILaunchScreen_Generation = YES;
				INFOPLIST_KEY_UISupportedInterfaceOrientations_iPad = "UIInterfaceOrientationPortrait UIInterfaceOrientationPortraitUpsideDown UIInterfaceOrientationLandscapeLeft UIInterfaceOrientationLandscapeRight";
				INFOPLIST_KEY_UISupportedInterfaceOrientations_iPhone = "UIInterfaceOrientationPortrait UIInterfaceOrientationLandscapeLeft UIInterfaceOrientationLandscapeRight";
				LD_RUNPATH_SEARCH_PATHS = (
					"$(inherited)",
					"@executable_path/Frameworks",
				);
				MARKETING_VERSION = 1.0;
				PRODUCT_BUNDLE_IDENTIFIER = com.pedroacevedo.Moonshot;
				PRODUCT_NAME = "$(TARGET_NAME)";
				SWIFT_EMIT_LOC_STRINGS = YES;
				SWIFT_VERSION = 5.0;
				TARGETED_DEVICE_FAMILY = "1,2";
			};
			name = Debug;
		};
		D566DF212BF5511B00496A58 /* Release */ = {
			isa = XCBuildConfiguration;
			buildSettings = {
				ASSETCATALOG_COMPILER_APPICON_NAME = AppIcon;
				ASSETCATALOG_COMPILER_GLOBAL_ACCENT_COLOR_NAME = AccentColor;
				CODE_SIGN_STYLE = Automatic;
				CURRENT_PROJECT_VERSION = 1;
				DEVELOPMENT_ASSET_PATHS = "\"Moonshot/Preview Content\"";
				ENABLE_PREVIEWS = YES;
				GENERATE_INFOPLIST_FILE = YES;
				INFOPLIST_KEY_UIApplicationSceneManifest_Generation = YES;
				INFOPLIST_KEY_UIApplicationSupportsIndirectInputEvents = YES;
				INFOPLIST_KEY_UILaunchScreen_Generation = YES;
				INFOPLIST_KEY_UISupportedInterfaceOrientations_iPad = "UIInterfaceOrientationPortrait UIInterfaceOrientationPortraitUpsideDown UIInterfaceOrientationLandscapeLeft UIInterfaceOrientationLandscapeRight";
				INFOPLIST_KEY_UISupportedInterfaceOrientations_iPhone = "UIInterfaceOrientationPortrait UIInterfaceOrientationLandscapeLeft UIInterfaceOrientationLandscapeRight";
				LD_RUNPATH_SEARCH_PATHS = (
					"$(inherited)",
					"@executable_path/Frameworks",
				);
				MARKETING_VERSION = 1.0;
				PRODUCT_BUNDLE_IDENTIFIER = com.pedroacevedo.Moonshot;
				PRODUCT_NAME = "$(TARGET_NAME)";
				SWIFT_EMIT_LOC_STRINGS = YES;
				SWIFT_VERSION = 5.0;
				TARGETED_DEVICE_FAMILY = "1,2";
			};
			name = Release;
		};
/* End XCBuildConfiguration section */

/* Begin XCConfigurationList section */
		D566DF0C2BF5511A00496A58 /* Build configuration list for PBXProject "Moonshot" */ = {
			isa = XCConfigurationList;
			buildConfigurations = (
				D566DF1D2BF5511B00496A58 /* Debug */,
				D566DF1E2BF5511B00496A58 /* Release */,
			);
			defaultConfigurationIsVisible = 0;
			defaultConfigurationName = Release;
		};
		D566DF1F2BF5511B00496A58 /* Build configuration list for PBXNativeTarget "Moonshot" */ = {
			isa = XCConfigurationList;
			buildConfigurations = (
				D566DF202BF5511B00496A58 /* Debug */,
				D566DF212BF5511B00496A58 /* Release */,
			);
			defaultConfigurationIsVisible = 0;
			defaultConfigurationName = Release;
		};
/* End XCConfigurationList section */
	};
	rootObject = D566DF092BF5511A00496A58 /* Project object */;
}
